
Microsoft Visual Studio Solution File, Format Version 12.00
# Visual Studio Version 16
VisualStudioVersion = 16.0.30804.86
MinimumVisualStudioVersion = 10.0.40219.1
Project("{FAE04EC0-301F-11D3-BF4B-00C04F79EFBC}") = "CurrencyConsoleApp", "CurrencyApp\CurrencyConsoleApp.csproj", "{9A81C5D1-FE10-4C6F-9B42-949DC09FA40D}"
EndProject
Project("{FAE04EC0-301F-11D3-BF4B-00C04F79EFBC}") = "CurrencyFormApp", "CurrencyFormApp\CurrencyFormApp.csproj", "{3C48BD1C-90AD-4CC9-AFE2-43A2291FCEC8}"
EndProject
Project("{FAE04EC0-301F-11D3-BF4B-00C04F79EFBC}") = "MyLib", "MyLib\MyLib.csproj", "{49F80DA3-C3E0-4204-9A8D-010019EC8FA2}"
EndProject
Project("{FAE04EC0-301F-11D3-BF4B-00C04F79EFBC}") = "CurrencyAppCore", "CurrencyAppCore\CurrencyAppCore.csproj", "{52292335-D54C-483C-8306-001459EB215D}"
EndProject
Global
	GlobalSection(SolutionConfigurationPlatforms) = preSolution
		Debug|Any CPU = Debug|Any CPU
		Release|Any CPU = Release|Any CPU
	EndGlobalSection
	GlobalSection(ProjectConfigurationPlatforms) = postSolution
		{9A81C5D1-FE10-4C6F-9B42-949DC09FA40D}.Debug|Any CPU.ActiveCfg = Debug|Any CPU
		{9A81C5D1-FE10-4C6F-9B42-949DC09FA40D}.Debug|Any CPU.Build.0 = Debug|Any CPU
		{9A81C5D1-FE10-4C6F-9B42-949DC09FA40D}.Release|Any CPU.ActiveCfg = Release|Any CPU
		{9A81C5D1-FE10-4C6F-9B42-949DC09FA40D}.Release|Any CPU.Build.0 = Release|Any CPU
		{3C48BD1C-90AD-4CC9-AFE2-43A2291FCEC8}.Debug|Any CPU.ActiveCfg = Debug|Any CPU
		{3C48BD1C-90AD-4CC9-AFE2-43A2291FCEC8}.Debug|Any CPU.Build.0 = Debug|Any CPU
		{3C48BD1C-90AD-4CC9-AFE2-43A2291FCEC8}.Release|Any CPU.ActiveCfg = Release|Any CPU
		{3C48BD1C-90AD-4CC9-AFE2-43A2291FCEC8}.Release|Any CPU.Build.0 = Release|Any CPU
		{49F80DA3-C3E0-4204-9A8D-010019EC8FA2}.Debug|Any CPU.ActiveCfg = Debug|Any CPU
		{49F80DA3-C3E0-4204-9A8D-010019EC8FA2}.Debug|Any CPU.Build.0 = Debug|Any CPU
		{49F80DA3-C3E0-4204-9A8D-010019EC8FA2}.Release|Any CPU.ActiveCfg = Release|Any CPU
		{49F80DA3-C3E0-4204-9A8D-010019EC8FA2}.Release|Any CPU.Build.0 = Release|Any CPU
		{52292335-D54C-483C-8306-001459EB215D}.Debug|Any CPU.ActiveCfg = Debug|Any CPU
		{52292335-D54C-483C-8306-001459EB215D}.Debug|Any CPU.Build.0 = Debug|Any CPU
		{52292335-D54C-483C-8306-001459EB215D}.Release|Any CPU.ActiveCfg = Release|Any CPU
		{52292335-D54C-483C-8306-001459EB215D}.Release|Any CPU.Build.0 = Release|Any CPU
	EndGlobalSection
	GlobalSection(SolutionProperties) = preSolution
		HideSolutionNode = FALSE
	EndGlobalSection
	GlobalSection(ExtensibilityGlobals) = postSolution
		SolutionGuid = {132F9EFB-251B-458B-A151-83802928C149}
	EndGlobalSection
EndGlobal
